
Microsoft Visual Studio Solution File, Format Version 12.00
# Visual Studio Version 17
VisualStudioVersion = 17.2.32526.322
MinimumVisualStudioVersion = 10.0.40219.1
Project("{FAE04EC0-301F-11D3-BF4B-00C04F79EFBC}") = "doctors", "doctors\doctors.csproj", "{3062288B-96EB-4980-9A7A-20D409A43098}"
EndProject
Global
	GlobalSection(SolutionConfigurationPlatforms) = preSolution
		Debug|Any CPU = Debug|Any CPU
		Release|Any CPU = Release|Any CPU
	EndGlobalSection
	GlobalSection(ProjectConfigurationPlatforms) = postSolution
		{3062288B-96EB-4980-9A7A-20D409A43098}.Debug|Any CPU.ActiveCfg = Debug|Any CPU
		{3062288B-96EB-4980-9A7A-20D409A43098}.Debug|Any CPU.Build.0 = Debug|Any CPU
		{3062288B-96EB-4980-9A7A-20D409A43098}.Release|Any CPU.ActiveCfg = Release|Any CPU
		{3062288B-96EB-4980-9A7A-20D409A43098}.Release|Any CPU.Build.0 = Release|Any CPU
	EndGlobalSection
	GlobalSection(SolutionProperties) = preSolution
		HideSolutionNode = FALSE
	EndGlobalSection
	GlobalSection(ExtensibilityGlobals) = postSolution
		SolutionGuid = {2BDF03E6-7537-493C-B776-3887FA9FF878}
	EndGlobalSection
EndGlobal
